// !$*UTF8*$!
{
	archiveVersion = 1;
	classes = {
	};
	objectVersion = 50;
	objects = {

/* Begin PBXBuildFile section */
		71F7CB91271C5D0B00F30A11 /* main.swift in Sources */ = {isa = PBXBuildFile; fileRef = 71F7CB90271C5D0B00F30A11 /* main.swift */; };
		71F7CB99271C5D4D00F30A11 /* CarLoan.swift in Sources */ = {isa = PBXBuildFile; fileRef = 71F7CB98271C5D4D00F30A11 /* CarLoan.swift */; };
		71F7CB9C271C6DDF00F30A11 /* CarLoanExtensions.swift in Sources */ = {isa = PBXBuildFile; fileRef = 71F7CB9B271C6DDF00F30A11 /* CarLoanExtensions.swift */; };
/* End PBXBuildFile section */

/* Begin PBXCopyFilesBuildPhase section */
		71F7CB8B271C5D0B00F30A11 /* CopyFiles */ = {
			isa = PBXCopyFilesBuildPhase;
			buildActionMask = 2147483647;
			dstPath = /usr/share/man/man1/;
			dstSubfolderSpec = 0;
			files = (
			);
			runOnlyForDeploymentPostprocessing = 1;
		};
/* End PBXCopyFilesBuildPhase section */

/* Begin PBXFileReference section */
		71F7CB8D271C5D0B00F30A11 /* Isadora-Santos_COMP2125_Mid-Term_Ex01 */ = {isa = PBXFileReference; explicitFileType = "compiled.mach-o.executable"; includeInIndex = 0; path = "Isadora-Santos_COMP2125_Mid-Term_Ex01"; sourceTree = BUILT_PRODUCTS_DIR; };
		71F7CB90271C5D0B00F30A11 /* main.swift */ = {isa = PBXFileReference; lastKnownFileType = sourcecode.swift; path = main.swift; sourceTree = "<group>"; };
		71F7CB98271C5D4D00F30A11 /* CarLoan.swift */ = {isa = PBXFileReference; lastKnownFileType = sourcecode.swift; path = CarLoan.swift; sourceTree = "<group>"; };
		71F7CB9B271C6DDF00F30A11 /* CarLoanExtensions.swift */ = {isa = PBXFileReference; lastKnownFileType = sourcecode.swift; path = CarLoanExtensions.swift; sourceTree = "<group>"; };
/* End PBXFileReference section */

/* Begin PBXFrameworksBuildPhase section */
		71F7CB8A271C5D0B00F30A11 /* Frameworks */ = {
			isa = PBXFrameworksBuildPhase;
			buildActionMask = 2147483647;
			files = (
			);
			runOnlyForDeploymentPostprocessing = 0;
		};
/* End PBXFrameworksBuildPhase section */

/* Begin PBXGroup section */
		71F7CB84271C5D0B00F30A11 = {
			isa = PBXGroup;
			children = (
				71F7CB8F271C5D0B00F30A11 /* Isadora-Santos_COMP2125_Mid-Term_Ex01 */,
				71F7CB8E271C5D0B00F30A11 /* Products */,
			);
			sourceTree = "<group>";
		};
		71F7CB8E271C5D0B00F30A11 /* Products */ = {
			isa = PBXGroup;
			children = (
				71F7CB8D271C5D0B00F30A11 /* Isadora-Santos_COMP2125_Mid-Term_Ex01 */,
			);
			name = Products;
			sourceTree = "<group>";
		};
		71F7CB8F271C5D0B00F30A11 /* Isadora-Santos_COMP2125_Mid-Term_Ex01 */ = {
			isa = PBXGroup;
			children = (
				71F7CB98271C5D4D00F30A11 /* CarLoan.swift */,
				71F7CB90271C5D0B00F30A11 /* main.swift */,
				71F7CB9B271C6DDF00F30A11 /* CarLoanExtensions.swift */,
			);
			path = "Isadora-Santos_COMP2125_Mid-Term_Ex01";
			sourceTree = "<group>";
		};
/* End PBXGroup section */

/* Begin PBXNativeTarget section */
		71F7CB8C271C5D0B00F30A11 /* Isadora-Santos_COMP2125_Mid-Term_Ex01 */ = {
			isa = PBXNativeTarget;
			buildConfigurationList = 71F7CB94271C5D0B00F30A11 /* Build configuration list for PBXNativeTarget "Isadora-Santos_COMP2125_Mid-Term_Ex01" */;
			buildPhases = (
				71F7CB89271C5D0B00F30A11 /* Sources */,
				71F7CB8A271C5D0B00F30A11 /* Frameworks */,
				71F7CB8B271C5D0B00F30A11 /* CopyFiles */,
			);
			buildRules = (
			);
			dependencies = (
			);
			name = "Isadora-Santos_COMP2125_Mid-Term_Ex01";
			productName = "Isadora-Santos_COMP2125_Mid-Term_Ex01";
			productReference = 71F7CB8D271C5D0B00F30A11 /* Isadora-Santos_COMP2125_Mid-Term_Ex01 */;
			productType = "com.apple.product-type.tool";
		};
/* End PBXNativeTarget section */

/* Begin PBXProject section */
		71F7CB85271C5D0B00F30A11 /* Project object */ = {
			isa = PBXProject;
			attributes = {
				LastSwiftUpdateCheck = 1240;
				LastUpgradeCheck = 1240;
				TargetAttributes = {
					71F7CB8C271C5D0B00F30A11 = {
						CreatedOnToolsVersion = 12.4;
					};
				};
			};
			buildConfigurationList = 71F7CB88271C5D0B00F30A11 /* Build configuration list for PBXProject "Isadora-Santos_COMP2125_Mid-Term_Ex01" */;
			compatibilityVersion = "Xcode 9.3";
			developmentRegion = en;
			hasScannedForEncodings = 0;
			knownRegions = (
				en,
				Base,
			);
			mainGroup = 71F7CB84271C5D0B00F30A11;
			productRefGroup = 71F7CB8E271C5D0B00F30A11 /* Products */;
			projectDirPath = "";
			projectRoot = "";
			targets = (
				71F7CB8C271C5D0B00F30A11 /* Isadora-Santos_COMP2125_Mid-Term_Ex01 */,
			);
		};
/* End PBXProject section */

/* Begin PBXSourcesBuildPhase section */
		71F7CB89271C5D0B00F30A11 /* Sources */ = {
			isa = PBXSourcesBuildPhase;
			buildActionMask = 2147483647;
			files = (
				71F7CB99271C5D4D00F30A11 /* CarLoan.swift in Sources */,
				71F7CB91271C5D0B00F30A11 /* main.swift in Sources */,
				71F7CB9C271C6DDF00F30A11 /* CarLoanExtensions.swift in Sources */,
			);
			runOnlyForDeploymentPostprocessing = 0;
		};
/* End PBXSourcesBuildPhase section */

/* Begin XCBuildConfiguration section */
		71F7CB92271C5D0B00F30A11 /* Debug */ = {
			isa = XCBuildConfiguration;
			buildSettings = {
				ALWAYS_SEARCH_USER_PATHS = NO;
				CLANG_ANALYZER_NONNULL = YES;
				CLANG_ANALYZER_NUMBER_OBJECT_CONVERSION = YES_AGGRESSIVE;
				CLANG_CXX_LANGUAGE_STANDARD = "gnu++14";
				CLANG_CXX_LIBRARY = "libc++";
				CLANG_ENABLE_MODULES = YES;
				CLANG_ENABLE_OBJC_ARC = YES;
				CLANG_ENABLE_OBJC_WEAK = YES;
				CLANG_WARN_BLOCK_CAPTURE_AUTORELEASING = YES;
				CLANG_WARN_BOOL_CONVERSION = YES;
				CLANG_WARN_COMMA = YES;
				CLANG_WARN_CONSTANT_CONVERSION = YES;
				CLANG_WARN_DEPRECATED_OBJC_IMPLEMENTATIONS = YES;
				CLANG_WARN_DIRECT_OBJC_ISA_USAGE = YES_ERROR;
				CLANG_WARN_DOCUMENTATION_COMMENTS = YES;
				CLANG_WARN_EMPTY_BODY = YES;
				CLANG_WARN_ENUM_CONVERSION = YES;
				CLANG_WARN_INFINITE_RECURSION = YES;
				CLANG_WARN_INT_CONVERSION = YES;
				CLANG_WARN_NON_LITERAL_NULL_CONVERSION = YES;
				CLANG_WARN_OBJC_IMPLICIT_RETAIN_SELF = YES;
				CLANG_WARN_OBJC_LITERAL_CONVERSION = YES;
				CLANG_WARN_OBJC_ROOT_CLASS = YES_ERROR;
				CLANG_WARN_QUOTED_INCLUDE_IN_FRAMEWORK_HEADER = YES;
				CLANG_WARN_RANGE_LOOP_ANALYSIS = YES;
				CLANG_WARN_STRICT_PROTOTYPES = YES;
				CLANG_WARN_SUSPICIOUS_MOVE = YES;
				CLANG_WARN_UNGUARDED_AVAILABILITY = YES_AGGRESSIVE;
				CLANG_WARN_UNREACHABLE_CODE = YES;
				CLANG_WARN__DUPLICATE_METHOD_MATCH = YES;
				COPY_PHASE_STRIP = NO;
				DEBUG_INFORMATION_FORMAT = dwarf;
				ENABLE_STRICT_OBJC_MSGSEND = YES;
				ENABLE_TESTABILITY = YES;
				GCC_C_LANGUAGE_STANDARD = gnu11;
				GCC_DYNAMIC_NO_PIC = NO;
				GCC_NO_COMMON_BLOCKS = YES;
				GCC_OPTIMIZATION_LEVEL = 0;
				GCC_PREPROCESSOR_DEFINITIONS = (
					"DEBUG=1",
					"$(inherited)",
				);
				GCC_WARN_64_TO_32_BIT_CONVERSION = YES;
				GCC_WARN_ABOUT_RETURN_TYPE = YES_ERROR;
				GCC_WARN_UNDECLARED_SELECTOR = YES;
				GCC_WARN_UNINITIALIZED_AUTOS = YES_AGGRESSIVE;
				GCC_WARN_UNUSED_FUNCTION = YES;
				GCC_WARN_UNUSED_VARIABLE = YES;
				MACOSX_DEPLOYMENT_TARGET = 10.15;
				MTL_ENABLE_DEBUG_INFO = INCLUDE_SOURCE;
				MTL_FAST_MATH = YES;
				ONLY_ACTIVE_ARCH = YES;
				SDKROOT = macosx;
				SWIFT_ACTIVE_COMPILATION_CONDITIONS = DEBUG;
				SWIFT_OPTIMIZATION_LEVEL = "-Onone";
			};
			name = Debug;
		};
		71F7CB93271C5D0B00F30A11 /* Release */ = {
			isa = XCBuildConfiguration;
			buildSettings = {
				ALWAYS_SEARCH_USER_PATHS = NO;
				CLANG_ANALYZER_NONNULL = YES;
				CLANG_ANALYZER_NUMBER_OBJECT_CONVERSION = YES_AGGRESSIVE;
				CLANG_CXX_LANGUAGE_STANDARD = "gnu++14";
				CLANG_CXX_LIBRARY = "libc++";
				CLANG_ENABLE_MODULES = YES;
				CLANG_ENABLE_OBJC_ARC = YES;
				CLANG_ENABLE_OBJC_WEAK = YES;
				CLANG_WARN_BLOCK_CAPTURE_AUTORELEASING = YES;
				CLANG_WARN_BOOL_CONVERSION = YES;
				CLANG_WARN_COMMA = YES;
				CLANG_WARN_CONSTANT_CONVERSION = YES;
				CLANG_WARN_DEPRECATED_OBJC_IMPLEMENTATIONS = YES;
				CLANG_WARN_DIRECT_OBJC_ISA_USAGE = YES_ERROR;
				CLANG_WARN_DOCUMENTATION_COMMENTS = YES;
				CLANG_WARN_EMPTY_BODY = YES;
				CLANG_WARN_ENUM_CONVERSION = YES;
				CLANG_WARN_INFINITE_RECURSION = YES;
				CLANG_WARN_INT_CONVERSION = YES;
				CLANG_WARN_NON_LITERAL_NULL_CONVERSION = YES;
				CLANG_WARN_OBJC_IMPLICIT_RETAIN_SELF = YES;
				CLANG_WARN_OBJC_LITERAL_CONVERSION = YES;
				CLANG_WARN_OBJC_ROOT_CLASS = YES_ERROR;
				CLANG_WARN_QUOTED_INCLUDE_IN_FRAMEWORK_HEADER = YES;
				CLANG_WARN_RANGE_LOOP_ANALYSIS = YES;
				CLANG_WARN_STRICT_PROTOTYPES = YES;
				CLANG_WARN_SUSPICIOUS_MOVE = YES;
				CLANG_WARN_UNGUARDED_AVAILABILITY = YES_AGGRESSIVE;
				CLANG_WARN_UNREACHABLE_CODE = YES;
				CLANG_WARN__DUPLICATE_METHOD_MATCH = YES;
				COPY_PHASE_STRIP = NO;
				DEBUG_INFORMATION_FORMAT = "dwarf-with-dsym";
				ENABLE_NS_ASSERTIONS = NO;
				ENABLE_STRICT_OBJC_MSGSEND = YES;
				GCC_C_LANGUAGE_STANDARD = gnu11;
				GCC_NO_COMMON_BLOCKS = YES;
				GCC_WARN_64_TO_32_BIT_CONVERSION = YES;
				GCC_WARN_ABOUT_RETURN_TYPE = YES_ERROR;
				GCC_WARN_UNDECLARED_SELECTOR = YES;
				GCC_WARN_UNINITIALIZED_AUTOS = YES_AGGRESSIVE;
				GCC_WARN_UNUSED_FUNCTION = YES;
				GCC_WARN_UNUSED_VARIABLE = YES;
				MACOSX_DEPLOYMENT_TARGET = 10.15;
				MTL_ENABLE_DEBUG_INFO = NO;
				MTL_FAST_MATH = YES;
				SDKROOT = macosx;
				SWIFT_COMPILATION_MODE = wholemodule;
				SWIFT_OPTIMIZATION_LEVEL = "-O";
			};
			name = Release;
		};
		71F7CB95271C5D0B00F30A11 /* Debug */ = {
			isa = XCBuildConfiguration;
			buildSettings = {
				CODE_SIGN_STYLE = Automatic;
				PRODUCT_NAME = "$(TARGET_NAME)";
				SWIFT_VERSION = 5.0;
			};
			name = Debug;
		};
		71F7CB96271C5D0B00F30A11 /* Release */ = {
			isa = XCBuildConfiguration;
			buildSettings = {
				CODE_SIGN_STYLE = Automatic;
				PRODUCT_NAME = "$(TARGET_NAME)";
				SWIFT_VERSION = 5.0;
			};
			name = Release;
		};
/* End XCBuildConfiguration section */

/* Begin XCConfigurationList section */
		71F7CB88271C5D0B00F30A11 /* Build configuration list for PBXProject "Isadora-Santos_COMP2125_Mid-Term_Ex01" */ = {
			isa = XCConfigurationList;
			buildConfigurations = (
				71F7CB92271C5D0B00F30A11 /* Debug */,
				71F7CB93271C5D0B00F30A11 /* Release */,
			);
			defaultConfigurationIsVisible = 0;
			defaultConfigurationName = Release;
		};
		71F7CB94271C5D0B00F30A11 /* Build configuration list for PBXNativeTarget "Isadora-Santos_COMP2125_Mid-Term_Ex01" */ = {
			isa = XCConfigurationList;
			buildConfigurations = (
				71F7CB95271C5D0B00F30A11 /* Debug */,
				71F7CB96271C5D0B00F30A11 /* Release */,
			);
			defaultConfigurationIsVisible = 0;
			defaultConfigurationName = Release;
		};
/* End XCConfigurationList section */
	};
	rootObject = 71F7CB85271C5D0B00F30A11 /* Project object */;
}
